
Microsoft Visual Studio Solution File, Format Version 12.00
# Visual Studio 15
VisualStudioVersion = 15.0.27703.2000
MinimumVisualStudioVersion = 10.0.40219.1
Project("{FAE04EC0-301F-11D3-BF4B-00C04F79EFBC}") = "ConsumerProducer", "ConsumerProducer\ConsumerProducer.csproj", "{ABE2F3E3-3C57-4AD9-BFC0-4CACE67FBC6C}"
EndProject
Global
	GlobalSection(SolutionConfigurationPlatforms) = preSolution
		Debug|Any CPU = Debug|Any CPU
		Release|Any CPU = Release|Any CPU
	EndGlobalSection
	GlobalSection(ProjectConfigurationPlatforms) = postSolution
		{ABE2F3E3-3C57-4AD9-BFC0-4CACE67FBC6C}.Debug|Any CPU.ActiveCfg = Debug|Any CPU
		{ABE2F3E3-3C57-4AD9-BFC0-4CACE67FBC6C}.Debug|Any CPU.Build.0 = Debug|Any CPU
		{ABE2F3E3-3C57-4AD9-BFC0-4CACE67FBC6C}.Release|Any CPU.ActiveCfg = Release|Any CPU
		{ABE2F3E3-3C57-4AD9-BFC0-4CACE67FBC6C}.Release|Any CPU.Build.0 = Release|Any CPU
	EndGlobalSection
	GlobalSection(SolutionProperties) = preSolution
		HideSolutionNode = FALSE
	EndGlobalSection
	GlobalSection(ExtensibilityGlobals) = postSolution
		SolutionGuid = {F781A559-0CB5-41DD-AF96-F6A1FBF22956}
	EndGlobalSection
EndGlobal
